
Microsoft Visual Studio Solution File, Format Version 12.00
Project("{FAE04EC0-301F-11D3-BF4B-00C04F79EFBC}") = "PrestaFacil", "PrestaFacil\PrestaFacil.csproj", "{7E241512-FE1A-49FA-B097-92CDA9C6F662}"
EndProject
Project("{FAE04EC0-301F-11D3-BF4B-00C04F79EFBC}") = "PrestaFacil.Droid", "PrestaFacil.Droid\PrestaFacil.Droid.csproj", "{C508BB89-E889-4F57-8157-EC6E130AF998}"
EndProject
Project("{FAE04EC0-301F-11D3-BF4B-00C04F79EFBC}") = "PrestaFacil.iOS", "PrestaFacil.iOS\PrestaFacil.iOS.csproj", "{B9759BA7-520F-4745-B258-67842951C5DA}"
EndProject
Project("{FAE04EC0-301F-11D3-BF4B-00C04F79EFBC}") = "PrestaFacil.WinUI", "PrestaFacil.WinUI\PrestaFacil.WinUI.csproj", "{DED7F26F-3050-4198-BAA9-795E02A452E4}"
EndProject
Global
	GlobalSection(SolutionConfigurationPlatforms) = preSolution
		Debug|Any CPU = Debug|Any CPU
		Debug|ARM64 = Debug|ARM64
		Debug|x64 = Debug|x64
		Debug|x86 = Debug|x86
		Release|Any CPU = Release|Any CPU
		Release|ARM64 = Release|ARM64
		Release|x64 = Release|x64
		Release|x86 = Release|x86
	EndGlobalSection
	GlobalSection(ProjectConfigurationPlatforms) = postSolution
		{7E241512-FE1A-49FA-B097-92CDA9C6F662}.Debug|Any CPU.ActiveCfg = Debug|Any CPU
		{7E241512-FE1A-49FA-B097-92CDA9C6F662}.Debug|Any CPU.Build.0 = Debug|Any CPU
		{7E241512-FE1A-49FA-B097-92CDA9C6F662}.Debug|ARM64.ActiveCfg = Debug|Any CPU
		{7E241512-FE1A-49FA-B097-92CDA9C6F662}.Debug|ARM64.Build.0 = Debug|Any CPU
		{7E241512-FE1A-49FA-B097-92CDA9C6F662}.Debug|x64.ActiveCfg = Debug|Any CPU
		{7E241512-FE1A-49FA-B097-92CDA9C6F662}.Debug|x64.Build.0 = Debug|Any CPU
		{7E241512-FE1A-49FA-B097-92CDA9C6F662}.Debug|x86.ActiveCfg = Debug|Any CPU
		{7E241512-FE1A-49FA-B097-92CDA9C6F662}.Debug|x86.Build.0 = Debug|Any CPU
		{7E241512-FE1A-49FA-B097-92CDA9C6F662}.Release|Any CPU.ActiveCfg = Release|Any CPU
		{7E241512-FE1A-49FA-B097-92CDA9C6F662}.Release|Any CPU.Build.0 = Release|Any CPU
		{7E241512-FE1A-49FA-B097-92CDA9C6F662}.Release|ARM64.ActiveCfg = Release|Any CPU
		{7E241512-FE1A-49FA-B097-92CDA9C6F662}.Release|ARM64.Build.0 = Release|Any CPU
		{7E241512-FE1A-49FA-B097-92CDA9C6F662}.Release|x64.ActiveCfg = Release|Any CPU
		{7E241512-FE1A-49FA-B097-92CDA9C6F662}.Release|x64.Build.0 = Release|Any CPU
		{7E241512-FE1A-49FA-B097-92CDA9C6F662}.Release|x86.ActiveCfg = Release|Any CPU
		{7E241512-FE1A-49FA-B097-92CDA9C6F662}.Release|x86.Build.0 = Release|Any CPU
		{C508BB89-E889-4F57-8157-EC6E130AF998}.Debug|Any CPU.ActiveCfg = Debug|Any CPU
		{C508BB89-E889-4F57-8157-EC6E130AF998}.Debug|Any CPU.Build.0 = Debug|Any CPU
		{C508BB89-E889-4F57-8157-EC6E130AF998}.Debug|Any CPU.Deploy.0 = Debug|Any CPU
		{C508BB89-E889-4F57-8157-EC6E130AF998}.Debug|ARM64.ActiveCfg = Debug|Any CPU
		{C508BB89-E889-4F57-8157-EC6E130AF998}.Debug|ARM64.Build.0 = Debug|Any CPU
		{C508BB89-E889-4F57-8157-EC6E130AF998}.Debug|ARM64.Deploy.0 = Debug|Any CPU
		{C508BB89-E889-4F57-8157-EC6E130AF998}.Debug|x64.ActiveCfg = Debug|Any CPU
		{C508BB89-E889-4F57-8157-EC6E130AF998}.Debug|x64.Build.0 = Debug|Any CPU
		{C508BB89-E889-4F57-8157-EC6E130AF998}.Debug|x64.Deploy.0 = Debug|Any CPU
		{C508BB89-E889-4F57-8157-EC6E130AF998}.Debug|x86.ActiveCfg = Debug|Any CPU
		{C508BB89-E889-4F57-8157-EC6E130AF998}.Debug|x86.Build.0 = Debug|Any CPU
		{C508BB89-E889-4F57-8157-EC6E130AF998}.Debug|x86.Deploy.0 = Debug|Any CPU
		{C508BB89-E889-4F57-8157-EC6E130AF998}.Release|Any CPU.ActiveCfg = Release|Any CPU
		{C508BB89-E889-4F57-8157-EC6E130AF998}.Release|Any CPU.Build.0 = Release|Any CPU
		{C508BB89-E889-4F57-8157-EC6E130AF998}.Release|Any CPU.Deploy.0 = Release|Any CPU
		{C508BB89-E889-4F57-8157-EC6E130AF998}.Release|ARM64.ActiveCfg = Release|Any CPU
		{C508BB89-E889-4F57-8157-EC6E130AF998}.Release|ARM64.Build.0 = Release|Any CPU
		{C508BB89-E889-4F57-8157-EC6E130AF998}.Release|ARM64.Deploy.0 = Release|Any CPU
		{C508BB89-E889-4F57-8157-EC6E130AF998}.Release|x64.ActiveCfg = Release|Any CPU
		{C508BB89-E889-4F57-8157-EC6E130AF998}.Release|x64.Build.0 = Release|Any CPU
		{C508BB89-E889-4F57-8157-EC6E130AF998}.Release|x64.Deploy.0 = Release|Any CPU
		{C508BB89-E889-4F57-8157-EC6E130AF998}.Release|x86.ActiveCfg = Release|Any CPU
		{C508BB89-E889-4F57-8157-EC6E130AF998}.Release|x86.Build.0 = Release|Any CPU
		{C508BB89-E889-4F57-8157-EC6E130AF998}.Release|x86.Deploy.0 = Release|Any CPU
		{B9759BA7-520F-4745-B258-67842951C5DA}.Debug|Any CPU.ActiveCfg = Debug|Any CPU
		{B9759BA7-520F-4745-B258-67842951C5DA}.Debug|Any CPU.Build.0 = Debug|Any CPU
		{B9759BA7-520F-4745-B258-67842951C5DA}.Debug|Any CPU.Deploy.0 = Debug|Any CPU
		{B9759BA7-520F-4745-B258-67842951C5DA}.Debug|ARM64.ActiveCfg = Debug|Any CPU
		{B9759BA7-520F-4745-B258-67842951C5DA}.Debug|ARM64.Build.0 = Debug|Any CPU
		{B9759BA7-520F-4745-B258-67842951C5DA}.Debug|ARM64.Deploy.0 = Debug|Any CPU
		{B9759BA7-520F-4745-B258-67842951C5DA}.Debug|x64.ActiveCfg = Debug|Any CPU
		{B9759BA7-520F-4745-B258-67842951C5DA}.Debug|x64.Build.0 = Debug|Any CPU
		{B9759BA7-520F-4745-B258-67842951C5DA}.Debug|x64.Deploy.0 = Debug|Any CPU
		{B9759BA7-520F-4745-B258-67842951C5DA}.Debug|x86.ActiveCfg = Debug|Any CPU
		{B9759BA7-520F-4745-B258-67842951C5DA}.Debug|x86.Build.0 = Debug|Any CPU
		{B9759BA7-520F-4745-B258-67842951C5DA}.Debug|x86.Deploy.0 = Debug|Any CPU
		{B9759BA7-520F-4745-B258-67842951C5DA}.Release|Any CPU.ActiveCfg = Release|Any CPU
		{B9759BA7-520F-4745-B258-67842951C5DA}.Release|Any CPU.Build.0 = Release|Any CPU
		{B9759BA7-520F-4745-B258-67842951C5DA}.Release|Any CPU.Deploy.0 = Release|Any CPU
		{B9759BA7-520F-4745-B258-67842951C5DA}.Release|ARM64.ActiveCfg = Release|Any CPU
		{B9759BA7-520F-4745-B258-67842951C5DA}.Release|ARM64.Build.0 = Release|Any CPU
		{B9759BA7-520F-4745-B258-67842951C5DA}.Release|ARM64.Deploy.0 = Release|Any CPU
		{B9759BA7-520F-4745-B258-67842951C5DA}.Release|x64.ActiveCfg = Release|Any CPU
		{B9759BA7-520F-4745-B258-67842951C5DA}.Release|x64.Build.0 = Release|Any CPU
		{B9759BA7-520F-4745-B258-67842951C5DA}.Release|x64.Deploy.0 = Release|Any CPU
		{B9759BA7-520F-4745-B258-67842951C5DA}.Release|x86.ActiveCfg = Release|Any CPU
		{B9759BA7-520F-4745-B258-67842951C5DA}.Release|x86.Build.0 = Release|Any CPU
		{B9759BA7-520F-4745-B258-67842951C5DA}.Release|x86.Deploy.0 = Release|Any CPU
		{DED7F26F-3050-4198-BAA9-795E02A452E4}.Debug|Any CPU.ActiveCfg = Debug|x86
		{DED7F26F-3050-4198-BAA9-795E02A452E4}.Debug|Any CPU.Build.0 = Debug|x86
		{DED7F26F-3050-4198-BAA9-795E02A452E4}.Debug|Any CPU.Deploy.0 = Debug|x86
		{DED7F26F-3050-4198-BAA9-795E02A452E4}.Debug|ARM64.ActiveCfg = Debug|ARM64
		{DED7F26F-3050-4198-BAA9-795E02A452E4}.Debug|ARM64.Build.0 = Debug|ARM64
		{DED7F26F-3050-4198-BAA9-795E02A452E4}.Debug|ARM64.Deploy.0 = Debug|ARM64
		{DED7F26F-3050-4198-BAA9-795E02A452E4}.Debug|x64.ActiveCfg = Debug|x64
		{DED7F26F-3050-4198-BAA9-795E02A452E4}.Debug|x64.Build.0 = Debug|x64
		{DED7F26F-3050-4198-BAA9-795E02A452E4}.Debug|x64.Deploy.0 = Debug|x64
		{DED7F26F-3050-4198-BAA9-795E02A452E4}.Debug|x86.ActiveCfg = Debug|x86
		{DED7F26F-3050-4198-BAA9-795E02A452E4}.Debug|x86.Build.0 = Debug|x86
		{DED7F26F-3050-4198-BAA9-795E02A452E4}.Debug|x86.Deploy.0 = Debug|x86
		{DED7F26F-3050-4198-BAA9-795E02A452E4}.Release|Any CPU.ActiveCfg = Release|x86
		{DED7F26F-3050-4198-BAA9-795E02A452E4}.Release|Any CPU.Build.0 = Release|x86
		{DED7F26F-3050-4198-BAA9-795E02A452E4}.Release|Any CPU.Deploy.0 = Release|x86
		{DED7F26F-3050-4198-BAA9-795E02A452E4}.Release|ARM64.ActiveCfg = Release|ARM64
		{DED7F26F-3050-4198-BAA9-795E02A452E4}.Release|ARM64.Build.0 = Release|ARM64
		{DED7F26F-3050-4198-BAA9-795E02A452E4}.Release|ARM64.Deploy.0 = Release|ARM64
		{DED7F26F-3050-4198-BAA9-795E02A452E4}.Release|x64.ActiveCfg = Release|x64
		{DED7F26F-3050-4198-BAA9-795E02A452E4}.Release|x64.Build.0 = Release|x64
		{DED7F26F-3050-4198-BAA9-795E02A452E4}.Release|x64.Deploy.0 = Release|x64
		{DED7F26F-3050-4198-BAA9-795E02A452E4}.Release|x86.ActiveCfg = Release|x86
		{DED7F26F-3050-4198-BAA9-795E02A452E4}.Release|x86.Build.0 = Release|x86
		{DED7F26F-3050-4198-BAA9-795E02A452E4}.Release|x86.Deploy.0 = Release|x86
	EndGlobalSection
EndGlobal
